
Microsoft Visual Studio Solution File, Format Version 12.00
# Visual Studio Version 16
VisualStudioVersion = 16.0.31005.135
MinimumVisualStudioVersion = 10.0.40219.1
Project("{FAE04EC0-301F-11D3-BF4B-00C04F79EFBC}") = "Hotel", "Hotel\Hotel.csproj", "{E941E118-A69B-4E83-B149-AEEA05A6D3C6}"
EndProject
Global
	GlobalSection(SolutionConfigurationPlatforms) = preSolution
		Debug|Any CPU = Debug|Any CPU
		Release|Any CPU = Release|Any CPU
	EndGlobalSection
	GlobalSection(ProjectConfigurationPlatforms) = postSolution
		{E941E118-A69B-4E83-B149-AEEA05A6D3C6}.Debug|Any CPU.ActiveCfg = Debug|Any CPU
		{E941E118-A69B-4E83-B149-AEEA05A6D3C6}.Debug|Any CPU.Build.0 = Debug|Any CPU
		{E941E118-A69B-4E83-B149-AEEA05A6D3C6}.Release|Any CPU.ActiveCfg = Release|Any CPU
		{E941E118-A69B-4E83-B149-AEEA05A6D3C6}.Release|Any CPU.Build.0 = Release|Any CPU
	EndGlobalSection
	GlobalSection(SolutionProperties) = preSolution
		HideSolutionNode = FALSE
	EndGlobalSection
	GlobalSection(ExtensibilityGlobals) = postSolution
		SolutionGuid = {45146990-3336-4C1E-A05A-C0B913A22AEE}
	EndGlobalSection
EndGlobal
